Microsoft Visual Studio Solution File, Format Version 11.00
# Visual Studio 2008

Project("{0AB9D9D9-ECEC-A5A7-7713-ED907E2BE3A0}") = "3D Platformer", "Assembly-CSharp-firstpass.csproj", "{9754DEFE-2F61-899C-FCA6-40481AA3559A}"
EndProject
Project("{0AB9D9D9-ECEC-A5A7-7713-ED907E2BE3A0}") = "3D Platformer", "Assembly-CSharp.csproj", "{BE85D10E-620F-0A75-DADB-12732892D517}"
EndProject
Global
	GlobalSection(SolutionConfigurationPlatforms) = preSolution
		Debug|Any CPU = Debug|Any CPU
		Release|Any CPU = Release|Any CPU
	EndGlobalSection
	GlobalSection(ProjectConfigurationPlatforms) = postSolution
		{9754DEFE-2F61-899C-FCA6-40481AA3559A}.Debug|Any CPU.ActiveCfg = Debug|Any CPU
		{9754DEFE-2F61-899C-FCA6-40481AA3559A}.Debug|Any CPU.Build.0 = Debug|Any CPU
		{9754DEFE-2F61-899C-FCA6-40481AA3559A}.Release|Any CPU.ActiveCfg = Release|Any CPU
		{9754DEFE-2F61-899C-FCA6-40481AA3559A}.Release|Any CPU.Build.0 = Release|Any CPU
		{BE85D10E-620F-0A75-DADB-12732892D517}.Debug|Any CPU.ActiveCfg = Debug|Any CPU
		{BE85D10E-620F-0A75-DADB-12732892D517}.Debug|Any CPU.Build.0 = Debug|Any CPU
		{BE85D10E-620F-0A75-DADB-12732892D517}.Release|Any CPU.ActiveCfg = Release|Any CPU
		{BE85D10E-620F-0A75-DADB-12732892D517}.Release|Any CPU.Build.0 = Release|Any CPU
	EndGlobalSection
	GlobalSection(SolutionProperties) = preSolution
		HideSolutionNode = FALSE
	EndGlobalSection
	GlobalSection(MonoDevelopProperties) = preSolution
		StartupItem = Assembly-CSharp.csproj
	EndGlobalSection
EndGlobal
